speakeasyVersion: 1.545.0
sources:
    Swagger Petstore - OpenAPI 3.0:
        sourceNamespace: swagger-petstore---open-api-3-0
        sourceRevisionDigest: sha256:afa426607f4777318aab299fa0c5736777fe54e1d45440cee7414daaee44ac42
        sourceBlobDigest: sha256:1305b9ef9c69aad0c689182fadb5d2ec43fca94711ec58612af77ef637f9a796
        tags:
            - latest
            - 1.0.26
targets:
    petstore:
        source: Swagger Petstore - OpenAPI 3.0
        sourceNamespace: swagger-petstore---open-api-3-0
        sourceRevisionDigest: sha256:afa426607f4777318aab299fa0c5736777fe54e1d45440cee7414daaee44ac42
        sourceBlobDigest: sha256:1305b9ef9c69aad0c689182fadb5d2ec43fca94711ec58612af77ef637f9a796
        codeSamplesNamespace: swagger-petstore---open-api-3-0-typescript-code-samples
        codeSamplesRevisionDigest: sha256:b9243da20418a4a046da27d2a5425a6e350fac3254de78f50eca9d9e12e892ef
workflow:
    workflowVersion: 1.0.0
    speakeasyVersion: latest
    sources:
        Swagger Petstore - OpenAPI 3.0:
            inputs:
                - location: ../api-spec/petstore.json
                - location: https://raw.githubusercontent.com/rehanalam/speakeasy-petstore-spec/main/petstore.json
            overlays:
                - location: .speakeasy/speakeasy-modifications-overlay.yaml
            registry:
                location: registry.speakeasyapi.dev/rehan-co/weather-api/swagger-petstore---open-api-3-0
    targets:
        petstore:
            target: typescript
            source: Swagger Petstore - OpenAPI 3.0
            codeSamples:
                registry:
                    location: registry.speakeasyapi.dev/rehan-co/weather-api/swagger-petstore---open-api-3-0-typescript-code-samples
                labelOverride:
                    fixedValue: Typescript (SDK)
                blocking: false
