speakeasyVersion: 1.545.0
sources:
    Swagger Petstore - OpenAPI 3.0:
        sourceNamespace: swagger-petstore---open-api-3-0
        sourceRevisionDigest: sha256:2230f753dc97264071d00defc18247a58d7a653897b83a967c32245f4c7be3d2
        sourceBlobDigest: sha256:b2ab90573d2884bdf78f3101177752f25f57306e8b65afba327bbb02f569db2c
        tags:
            - latest
            - 1.0.26
targets:
    petstore:
        source: Swagger Petstore - OpenAPI 3.0
        sourceNamespace: swagger-petstore---open-api-3-0
        sourceRevisionDigest: sha256:2230f753dc97264071d00defc18247a58d7a653897b83a967c32245f4c7be3d2
        sourceBlobDigest: sha256:b2ab90573d2884bdf78f3101177752f25f57306e8b65afba327bbb02f569db2c
        codeSamplesNamespace: swagger-petstore---open-api-3-0-typescript-code-samples
        codeSamplesRevisionDigest: sha256:e1709bb35e39aed3c096beaca82c833adc8bc469f93da69525ad574311c68fcd
workflow:
    workflowVersion: 1.0.0
    speakeasyVersion: latest
    sources:
        Swagger Petstore - OpenAPI 3.0:
            inputs:
                - location: ../api-spec/petstore.json
            overlays:
                - location: .speakeasy/speakeasy-modifications-overlay.yaml
            registry:
                location: registry.speakeasyapi.dev/rehan-co/weather-api/swagger-petstore---open-api-3-0
    targets:
        petstore:
            target: typescript
            source: Swagger Petstore - OpenAPI 3.0
            codeSamples:
                registry:
                    location: registry.speakeasyapi.dev/rehan-co/weather-api/swagger-petstore---open-api-3-0-typescript-code-samples
                labelOverride:
                    fixedValue: Typescript (SDK)
                blocking: false
